
Microsoft Visual Studio Solution File, Format Version 12.00
# Visual Studio 2012
Project("{FAE04EC0-301F-11D3-BF4B-00C04F79EFBC}") = "001 - Using Parallel.For and Parallel.Foreach", "Parallel-001\001 - Using Parallel.For and Parallel.Foreach.csproj", "{8397259A-C043-4840-98E5-053F933A84CD}"
EndProject
Project("{FAE04EC0-301F-11D3-BF4B-00C04F79EFBC}") = "Parallel-002", "Parallel-002\Parallel-002.csproj", "{DF46D90F-41DE-4A8D-9ABE-269816214F0C}"
EndProject
Global
	GlobalSection(SolutionConfigurationPlatforms) = preSolution
		Debug|Any CPU = Debug|Any CPU
		Release|Any CPU = Release|Any CPU
	EndGlobalSection
	GlobalSection(ProjectConfigurationPlatforms) = postSolution
		{8397259A-C043-4840-98E5-053F933A84CD}.Debug|Any CPU.ActiveCfg = Debug|Any CPU
		{8397259A-C043-4840-98E5-053F933A84CD}.Debug|Any CPU.Build.0 = Debug|Any CPU
		{8397259A-C043-4840-98E5-053F933A84CD}.Release|Any CPU.ActiveCfg = Release|Any CPU
		{8397259A-C043-4840-98E5-053F933A84CD}.Release|Any CPU.Build.0 = Release|Any CPU
		{DF46D90F-41DE-4A8D-9ABE-269816214F0C}.Debug|Any CPU.ActiveCfg = Debug|Any CPU
		{DF46D90F-41DE-4A8D-9ABE-269816214F0C}.Debug|Any CPU.Build.0 = Debug|Any CPU
		{DF46D90F-41DE-4A8D-9ABE-269816214F0C}.Release|Any CPU.ActiveCfg = Release|Any CPU
		{DF46D90F-41DE-4A8D-9ABE-269816214F0C}.Release|Any CPU.Build.0 = Release|Any CPU
	EndGlobalSection
	GlobalSection(SolutionProperties) = preSolution
		HideSolutionNode = FALSE
	EndGlobalSection
EndGlobal
