
Microsoft Visual Studio Solution File, Format Version 12.00
# Visual Studio 2012
Project("{FAE04EC0-301F-11D3-BF4B-00C04F79EFBC}") = "001 - Adding a finalizer", "GarbageCollection-001\001 - Adding a finalizer.csproj", "{6B6CE3DB-D77D-48C7-8973-EA797F668F97}"
EndProject
Project("{FAE04EC0-301F-11D3-BF4B-00C04F79EFBC}") = "002 - Forcing a garbage collection", "GarbageCollection-002\002 - Forcing a garbage collection.csproj", "{BD350529-F261-4BE9-AA66-87E24D753EC1}"
EndProject
Project("{FAE04EC0-301F-11D3-BF4B-00C04F79EFBC}") = "003 - Implementing IDisposable and a finalizer", "GarbageCollection-003\003 - Implementing IDisposable and a finalizer.csproj", "{61348091-B14B-4B30-8981-D746335B1BE1}"
EndProject
Global
	GlobalSection(SolutionConfigurationPlatforms) = preSolution
		Debug|Any CPU = Debug|Any CPU
		Release|Any CPU = Release|Any CPU
	EndGlobalSection
	GlobalSection(ProjectConfigurationPlatforms) = postSolution
		{6B6CE3DB-D77D-48C7-8973-EA797F668F97}.Debug|Any CPU.ActiveCfg = Debug|Any CPU
		{6B6CE3DB-D77D-48C7-8973-EA797F668F97}.Debug|Any CPU.Build.0 = Debug|Any CPU
		{6B6CE3DB-D77D-48C7-8973-EA797F668F97}.Release|Any CPU.ActiveCfg = Release|Any CPU
		{6B6CE3DB-D77D-48C7-8973-EA797F668F97}.Release|Any CPU.Build.0 = Release|Any CPU
		{BD350529-F261-4BE9-AA66-87E24D753EC1}.Debug|Any CPU.ActiveCfg = Debug|Any CPU
		{BD350529-F261-4BE9-AA66-87E24D753EC1}.Debug|Any CPU.Build.0 = Debug|Any CPU
		{BD350529-F261-4BE9-AA66-87E24D753EC1}.Release|Any CPU.ActiveCfg = Release|Any CPU
		{BD350529-F261-4BE9-AA66-87E24D753EC1}.Release|Any CPU.Build.0 = Release|Any CPU
		{61348091-B14B-4B30-8981-D746335B1BE1}.Debug|Any CPU.ActiveCfg = Debug|Any CPU
		{61348091-B14B-4B30-8981-D746335B1BE1}.Debug|Any CPU.Build.0 = Debug|Any CPU
		{61348091-B14B-4B30-8981-D746335B1BE1}.Release|Any CPU.ActiveCfg = Release|Any CPU
		{61348091-B14B-4B30-8981-D746335B1BE1}.Release|Any CPU.Build.0 = Release|Any CPU
	EndGlobalSection
	GlobalSection(SolutionProperties) = preSolution
		HideSolutionNode = FALSE
	EndGlobalSection
EndGlobal
