
Microsoft Visual Studio Solution File, Format Version 12.00
# Visual Studio 2012
Project("{FAE04EC0-301F-11D3-BF4B-00C04F79EFBC}") = "001 - Serializing an object with XmlSerializer", "Chapter4.3-001\001 - Serializing an object with XmlSerializer.csproj", "{28644EE6-1D87-4175-87F2-6D47EDF00481}"
EndProject
Project("{FAE04EC0-301F-11D3-BF4B-00C04F79EFBC}") = "002 - Using the XML Attributes to configure serialization", "Chapter4.3-002\002 - Using the XML Attributes to configure serialization.csproj", "{83C273AE-DEC6-41E0-A99B-BF90F0F38344}"
EndProject
Project("{FAE04EC0-301F-11D3-BF4B-00C04F79EFBC}") = "003 - Using binary serialization", "Chapter4.3-003\003 - Using binary serialization.csproj", "{05478662-907B-4492-9ED4-9D44B4BE3487}"
EndProject
Project("{FAE04EC0-301F-11D3-BF4B-00C04F79EFBC}") = "004 - Influencing serialization and deserialization", "Chapter4.3-004\004 - Influencing serialization and deserialization.csproj", "{154750B6-B8E3-4610-AEFB-411FC3B2A54D}"
EndProject
Project("{FAE04EC0-301F-11D3-BF4B-00C04F79EFBC}") = "005 - Implementing ISerializable", "Chapter4.3-005\005 - Implementing ISerializable.csproj", "{9FD8FAE9-DD02-4FEE-B7BD-AA6564026B97}"
EndProject
Project("{FAE04EC0-301F-11D3-BF4B-00C04F79EFBC}") = "006 - Using the DataContractSerializer", "Chapter4.3-006\006 - Using the DataContractSerializer.csproj", "{15B3E0D2-6217-493A-A690-158C497F5318}"
EndProject
Project("{FAE04EC0-301F-11D3-BF4B-00C04F79EFBC}") = "Chapter4.3-007", "Chapter4.3-007\Chapter4.3-007.csproj", "{63EC2A22-64C4-44B1-9D86-532F0FEC6484}"
EndProject
Global
	GlobalSection(SolutionConfigurationPlatforms) = preSolution
		Debug|Any CPU = Debug|Any CPU
		Release|Any CPU = Release|Any CPU
	EndGlobalSection
	GlobalSection(ProjectConfigurationPlatforms) = postSolution
		{28644EE6-1D87-4175-87F2-6D47EDF00481}.Debug|Any CPU.ActiveCfg = Debug|Any CPU
		{28644EE6-1D87-4175-87F2-6D47EDF00481}.Debug|Any CPU.Build.0 = Debug|Any CPU
		{28644EE6-1D87-4175-87F2-6D47EDF00481}.Release|Any CPU.ActiveCfg = Release|Any CPU
		{28644EE6-1D87-4175-87F2-6D47EDF00481}.Release|Any CPU.Build.0 = Release|Any CPU
		{83C273AE-DEC6-41E0-A99B-BF90F0F38344}.Debug|Any CPU.ActiveCfg = Debug|Any CPU
		{83C273AE-DEC6-41E0-A99B-BF90F0F38344}.Debug|Any CPU.Build.0 = Debug|Any CPU
		{83C273AE-DEC6-41E0-A99B-BF90F0F38344}.Release|Any CPU.ActiveCfg = Release|Any CPU
		{83C273AE-DEC6-41E0-A99B-BF90F0F38344}.Release|Any CPU.Build.0 = Release|Any CPU
		{05478662-907B-4492-9ED4-9D44B4BE3487}.Debug|Any CPU.ActiveCfg = Debug|Any CPU
		{05478662-907B-4492-9ED4-9D44B4BE3487}.Debug|Any CPU.Build.0 = Debug|Any CPU
		{05478662-907B-4492-9ED4-9D44B4BE3487}.Release|Any CPU.ActiveCfg = Release|Any CPU
		{05478662-907B-4492-9ED4-9D44B4BE3487}.Release|Any CPU.Build.0 = Release|Any CPU
		{154750B6-B8E3-4610-AEFB-411FC3B2A54D}.Debug|Any CPU.ActiveCfg = Debug|Any CPU
		{154750B6-B8E3-4610-AEFB-411FC3B2A54D}.Debug|Any CPU.Build.0 = Debug|Any CPU
		{154750B6-B8E3-4610-AEFB-411FC3B2A54D}.Release|Any CPU.ActiveCfg = Release|Any CPU
		{154750B6-B8E3-4610-AEFB-411FC3B2A54D}.Release|Any CPU.Build.0 = Release|Any CPU
		{9FD8FAE9-DD02-4FEE-B7BD-AA6564026B97}.Debug|Any CPU.ActiveCfg = Debug|Any CPU
		{9FD8FAE9-DD02-4FEE-B7BD-AA6564026B97}.Debug|Any CPU.Build.0 = Debug|Any CPU
		{9FD8FAE9-DD02-4FEE-B7BD-AA6564026B97}.Release|Any CPU.ActiveCfg = Release|Any CPU
		{9FD8FAE9-DD02-4FEE-B7BD-AA6564026B97}.Release|Any CPU.Build.0 = Release|Any CPU
		{15B3E0D2-6217-493A-A690-158C497F5318}.Debug|Any CPU.ActiveCfg = Debug|Any CPU
		{15B3E0D2-6217-493A-A690-158C497F5318}.Debug|Any CPU.Build.0 = Debug|Any CPU
		{15B3E0D2-6217-493A-A690-158C497F5318}.Release|Any CPU.ActiveCfg = Release|Any CPU
		{15B3E0D2-6217-493A-A690-158C497F5318}.Release|Any CPU.Build.0 = Release|Any CPU
		{63EC2A22-64C4-44B1-9D86-532F0FEC6484}.Debug|Any CPU.ActiveCfg = Debug|Any CPU
		{63EC2A22-64C4-44B1-9D86-532F0FEC6484}.Debug|Any CPU.Build.0 = Debug|Any CPU
		{63EC2A22-64C4-44B1-9D86-532F0FEC6484}.Release|Any CPU.ActiveCfg = Release|Any CPU
		{63EC2A22-64C4-44B1-9D86-532F0FEC6484}.Release|Any CPU.Build.0 = Release|Any CPU
	EndGlobalSection
	GlobalSection(SolutionProperties) = preSolution
		HideSolutionNode = FALSE
	EndGlobalSection
EndGlobal
