
Microsoft Visual Studio Solution File, Format Version 12.00
# Visual Studio 2012
Project("{FAE04EC0-301F-11D3-BF4B-00C04F79EFBC}") = "001 - Creating a custom exception", "CustomExceptions-001\001 - Creating a custom exception.csproj", "{A623C4F1-B414-435F-B2F4-F183F53AA129}"
EndProject
Global
	GlobalSection(SolutionConfigurationPlatforms) = preSolution
		Debug|Any CPU = Debug|Any CPU
		Release|Any CPU = Release|Any CPU
	EndGlobalSection
	GlobalSection(ProjectConfigurationPlatforms) = postSolution
		{A623C4F1-B414-435F-B2F4-F183F53AA129}.Debug|Any CPU.ActiveCfg = Debug|Any CPU
		{A623C4F1-B414-435F-B2F4-F183F53AA129}.Debug|Any CPU.Build.0 = Debug|Any CPU
		{A623C4F1-B414-435F-B2F4-F183F53AA129}.Release|Any CPU.ActiveCfg = Release|Any CPU
		{A623C4F1-B414-435F-B2F4-F183F53AA129}.Release|Any CPU.Build.0 = Release|Any CPU
	EndGlobalSection
	GlobalSection(SolutionProperties) = preSolution
		HideSolutionNode = FALSE
	EndGlobalSection
EndGlobal
